{
  "lockfile_version": "1",
  "packages": {
    "kubernetes-helm@latest": {
      "last_modified": "2023-12-18T02:58:18Z",
      "resolved": "github:NixOS/nixpkgs/ca16221251951e9c6261a1a2bb4f9389038d3632#kubernetes-helm",
      "source": "devbox-search",
      "version": "3.13.3",
      "systems": {
        "aarch64-darwin": {
          "store_path": "/nix/store/xi03fpngzw36kbrqarxvsj63jjmf7rqi-kubernetes-helm-3.13.3"
        },
        "aarch64-linux": {
          "store_path": "/nix/store/z6bvs0p0aw9gzn10zir418hqzw870pv9-kubernetes-helm-3.13.3"
        },
        "x86_64-darwin": {
          "store_path": "/nix/store/h4px88vkjzzxjiyh0xrfi420piq7z3f7-kubernetes-helm-3.13.3"
        },
        "x86_64-linux": {
          "store_path": "/nix/store/74ih2yj0whsy5737mhi39112s3akfdsj-kubernetes-helm-3.13.3"
        }
      }
    },
    "nodejs@20.": {
      "last_modified": "2023-11-24T11:02:37Z",
      "resolved": "github:NixOS/nixpkgs/068bacb9b6fbee6a603d1b1f68d7cf032c4feed1#nodejs_20",
      "source": "devbox-search",
      "version": "20.10.0",
      "systems": {
        "aarch64-darwin": {
          "store_path": "/nix/store/ya9wfsimhw3sjp7inn6kkn934i440kb8-nodejs-20.10.0"
        },
        "aarch64-linux": {
          "store_path": "/nix/store/ryc5g0vdg8d3mm0ssawj27lqn5x238ji-nodejs-20.10.0"
        },
        "x86_64-darwin": {
          "store_path": "/nix/store/f49j6rczz3adfh8n8fmh8zfxhyh17ljv-nodejs-20.10.0"
        },
        "x86_64-linux": {
          "store_path": "/nix/store/mih3j0yxng0xsad55787jqfbyi53rp0j-nodejs-20.10.0"
        }
      }
    }
  }
}
